lockfileVersion: '9.0'

settings:
  autoInstallPeers: true
  excludeLinksFromLockfile: false

importers:

  .:
    dependencies:
      cron-parser:
        specifier: ^5.3.0
        version: 5.3.0

packages:

  cron-parser@5.3.0:
    resolution: {integrity: sha512-IS4mnFu6n3CFgEmXjr+B2zzGHsjJmHEdN+BViKvYSiEn3KWss9ICRDETDX/VZldiW82B94OyAZm4LIT4vcKK0g==}
    engines: {node: '>=18'}

  luxon@3.7.1:
    resolution: {integrity: sha512-RkRWjA926cTvz5rAb1BqyWkKbbjzCGchDUIKMCUvNi17j6f6j8uHGDV82Aqcqtzd+icoYpELmG3ksgGiFNNcNg==}
    engines: {node: '>=12'}

snapshots:

  cron-parser@5.3.0:
    dependencies:
      luxon: 3.7.1

  luxon@3.7.1: {}
